{"filter":false,"title":"Gemfile.lock","tooltip":"/modulo_03/crypto_wallet/Gemfile.lock","undoManager":{"mark":-1,"position":-1,"stack":[]},"ace":{"folds":[],"scrolltop":3340.375,"scrollleft":0,"selection":{"start":{"row":247,"column":4},"end":{"row":247,"column":4},"isBackwards":false},"options":{"guessTabSize":true,"useWrapMode":false,"wrapToView":true},"firstLineState":{"row":231,"state":"start","mode":"ace/mode/text"}},"timestamp":1645418629865,"hash":"d37862a7577729ed529fd7526eea7b1bf04f4c64"}