{"filter":false,"title":"yarn.lock","tooltip":"/modulo_03/crypto_wallet/yarn.lock","undoManager":{"mark":-1,"position":-1,"stack":[]},"ace":{"folds":[],"scrolltop":0,"scrollleft":0,"selection":{"start":{"row":0,"column":0},"end":{"row":0,"column":0},"isBackwards":false},"options":{"guessTabSize":true,"useWrapMode":false,"wrapToView":true},"firstLineState":0},"timestamp":1639172872537,"hash":"22c145a59b06555577f45a94bdb039749a8c0578"}